
Microsoft Visual Studio Solution File, Format Version 12.00
# Visual Studio 14
VisualStudioVersion = 14.0.25420.1
MinimumVisualStudioVersion = 10.0.40219.1
Project("{8BC9CEB8-8B4A-11D0-8D11-00A0C91BC942}") = "parent", "parent\parent.vcxproj", "{B2FD3FED-E5EC-459E-BFD7-D72399C78EB6}"
EndProject
Project("{8BC9CEB8-8B4A-11D0-8D11-00A0C91BC942}") = "child", "child\child.vcxproj", "{14CD72AB-8AD2-4823-B19D-81414EBF0B7C}"
EndProject
Project("{8BC9CEB8-8B4A-11D0-8D11-00A0C91BC942}") = "controller", "controller\controller.vcxproj", "{0CE0E7D2-141C-42E8-9543-F933E29548C8}"
EndProject
Global
	GlobalSection(SolutionConfigurationPlatforms) = preSolution
		Debug|x64 = Debug|x64
		Debug|x86 = Debug|x86
		Release|x64 = Release|x64
		Release|x86 = Release|x86
	EndGlobalSection
	GlobalSection(ProjectConfigurationPlatforms) = postSolution
		{B2FD3FED-E5EC-459E-BFD7-D72399C78EB6}.Debug|x64.ActiveCfg = Debug|x64
		{B2FD3FED-E5EC-459E-BFD7-D72399C78EB6}.Debug|x64.Build.0 = Debug|x64
		{B2FD3FED-E5EC-459E-BFD7-D72399C78EB6}.Debug|x86.ActiveCfg = Debug|Win32
		{B2FD3FED-E5EC-459E-BFD7-D72399C78EB6}.Debug|x86.Build.0 = Debug|Win32
		{B2FD3FED-E5EC-459E-BFD7-D72399C78EB6}.Release|x64.ActiveCfg = Release|x64
		{B2FD3FED-E5EC-459E-BFD7-D72399C78EB6}.Release|x64.Build.0 = Release|x64
		{B2FD3FED-E5EC-459E-BFD7-D72399C78EB6}.Release|x86.ActiveCfg = Release|Win32
		{B2FD3FED-E5EC-459E-BFD7-D72399C78EB6}.Release|x86.Build.0 = Release|Win32
		{14CD72AB-8AD2-4823-B19D-81414EBF0B7C}.Debug|x64.ActiveCfg = Debug|x64
		{14CD72AB-8AD2-4823-B19D-81414EBF0B7C}.Debug|x64.Build.0 = Debug|x64
		{14CD72AB-8AD2-4823-B19D-81414EBF0B7C}.Debug|x86.ActiveCfg = Debug|Win32
		{14CD72AB-8AD2-4823-B19D-81414EBF0B7C}.Debug|x86.Build.0 = Debug|Win32
		{14CD72AB-8AD2-4823-B19D-81414EBF0B7C}.Release|x64.ActiveCfg = Release|x64
		{14CD72AB-8AD2-4823-B19D-81414EBF0B7C}.Release|x64.Build.0 = Release|x64
		{14CD72AB-8AD2-4823-B19D-81414EBF0B7C}.Release|x86.ActiveCfg = Release|Win32
		{14CD72AB-8AD2-4823-B19D-81414EBF0B7C}.Release|x86.Build.0 = Release|Win32
		{0CE0E7D2-141C-42E8-9543-F933E29548C8}.Debug|x64.ActiveCfg = Debug|x64
		{0CE0E7D2-141C-42E8-9543-F933E29548C8}.Debug|x64.Build.0 = Debug|x64
		{0CE0E7D2-141C-42E8-9543-F933E29548C8}.Debug|x86.ActiveCfg = Debug|Win32
		{0CE0E7D2-141C-42E8-9543-F933E29548C8}.Debug|x86.Build.0 = Debug|Win32
		{0CE0E7D2-141C-42E8-9543-F933E29548C8}.Release|x64.ActiveCfg = Release|x64
		{0CE0E7D2-141C-42E8-9543-F933E29548C8}.Release|x64.Build.0 = Release|x64
		{0CE0E7D2-141C-42E8-9543-F933E29548C8}.Release|x86.ActiveCfg = Release|Win32
		{0CE0E7D2-141C-42E8-9543-F933E29548C8}.Release|x86.Build.0 = Release|Win32
	EndGlobalSection
	GlobalSection(SolutionProperties) = preSolution
		HideSolutionNode = FALSE
	EndGlobalSection
EndGlobal
